// !$*UTF8*$!
{
	archiveVersion = 1;
	classes = {
	};
	objectVersion = 77;
	objects = {

/* Begin PBXBuildFile section */
		0429CF4A2DB546F100CFA42D /* Alamofire in Frameworks */ = {isa = PBXBuildFile; productRef = 0429CF492DB546F100CFA42D /* Alamofire */; };
		B7C518902DBD1260002F32EF /* Kingfisher in Frameworks */ = {isa = PBXBuildFile; productRef = B7C5188F2DBD1260002F32EF /* Kingfisher */; };
/* End PBXBuildFile section */

/* Begin PBXContainerItemProxy section */
		B7B0164C2D7B622100E706C9 /* PBXContainerItemProxy */ = {
			isa = PBXContainerItemProxy;
			containerPortal = B7B0162D2D7B621F00E706C9 /* Project object */;
			proxyType = 1;
			remoteGlobalIDString = B7B016342D7B621F00E706C9;
			remoteInfo = AlwayGo;
		};
		B7B016562D7B622100E706C9 /* PBXContainerItemProxy */ = {
			isa = PBXContainerItemProxy;
			containerPortal = B7B0162D2D7B621F00E706C9 /* Project object */;
			proxyType = 1;
			remoteGlobalIDString = B7B016342D7B621F00E706C9;
			remoteInfo = AlwayGo;
		};
/* End PBXContainerItemProxy section */

/* Begin PBXFileReference section */
		B7B016352D7B621F00E706C9 /* AlwayGo.app */ = {isa = PBXFileReference; explicitFileType = wrapper.application; includeInIndex = 0; path = AlwayGo.app; sourceTree = BUILT_PRODUCTS_DIR; };
		B7B0164B2D7B622100E706C9 /* AlwayGoTests.xctest */ = {isa = PBXFileReference; explicitFileType = wrapper.cfbundle; includeInIndex = 0; path = AlwayGoTests.xctest; sourceTree = BUILT_PRODUCTS_DIR; };
		B7B016552D7B622100E706C9 /* AlwayGoUITests.xctest */ = {isa = PBXFileReference; explicitFileType = wrapper.cfbundle; includeInIndex = 0; path = AlwayGoUITests.xctest; sourceTree = BUILT_PRODUCTS_DIR; };
/* End PBXFileReference section */

/* Begin PBXFileSystemSynchronizedBuildFileExceptionSet section */
		B7B0165D2D7B622100E706C9 /* Exceptions for "AlwayGo" folder in "AlwayGo" target */ = {
			isa = PBXFileSystemSynchronizedBuildFileExceptionSet;
			membershipExceptions = (
				Info.plist,
			);
			target = B7B016342D7B621F00E706C9 /* AlwayGo */;
		};
/* End PBXFileSystemSynchronizedBuildFileExceptionSet section */

/* Begin PBXFileSystemSynchronizedRootGroup section */
		B7B016372D7B621F00E706C9 /* AlwayGo */ = {
			isa = PBXFileSystemSynchronizedRootGroup;
			exceptions = (
				B7B0165D2D7B622100E706C9 /* Exceptions for "AlwayGo" folder in "AlwayGo" target */,
			);
			path = AlwayGo;
			sourceTree = "<group>";
		};
		B7B0164E2D7B622100E706C9 /* AlwayGoTests */ = {
			isa = PBXFileSystemSynchronizedRootGroup;
			path = AlwayGoTests;
			sourceTree = "<group>";
		};
		B7B016582D7B622100E706C9 /* AlwayGoUITests */ = {
			isa = PBXFileSystemSynchronizedRootGroup;
			path = AlwayGoUITests;
			sourceTree = "<group>";
		};
/* End PBXFileSystemSynchronizedRootGroup section */

/* Begin PBXFrameworksBuildPhase section */
		B7B016322D7B621F00E706C9 /* Frameworks */ = {
			isa = PBXFrameworksBuildPhase;
			buildActionMask = 2147483647;
			files = (
				B7C518902DBD1260002F32EF /* Kingfisher in Frameworks */,
				0429CF4A2DB546F100CFA42D /* Alamofire in Frameworks */,
			);
			runOnlyForDeploymentPostprocessing = 0;
		};
		B7B016482D7B622100E706C9 /* Frameworks */ = {
			isa = PBXFrameworksBuildPhase;
			buildActionMask = 2147483647;
			files = (
			);
			runOnlyForDeploymentPostprocessing = 0;
		};
		B7B016522D7B622100E706C9 /* Frameworks */ = {
			isa = PBXFrameworksBuildPhase;
			buildActionMask = 2147483647;
			files = (
			);
			runOnlyForDeploymentPostprocessing = 0;
		};
/* End PBXFrameworksBuildPhase section */

/* Begin PBXGroup section */
		B7B0162C2D7B621F00E706C9 = {
			isa = PBXGroup;
			children = (
				B7B016372D7B621F00E706C9 /* AlwayGo */,
				B7B0164E2D7B622100E706C9 /* AlwayGoTests */,
				B7B016582D7B622100E706C9 /* AlwayGoUITests */,
				B7B016362D7B621F00E706C9 /* Products */,
			);
			sourceTree = "<group>";
		};
		B7B016362D7B621F00E706C9 /* Products */ = {
			isa = PBXGroup;
			children = (
				B7B016352D7B621F00E706C9 /* AlwayGo.app */,
				B7B0164B2D7B622100E706C9 /* AlwayGoTests.xctest */,
				B7B016552D7B622100E706C9 /* AlwayGoUITests.xctest */,
			);
			name = Products;
			sourceTree = "<group>";
		};
/* End PBXGroup section */

/* Begin PBXNativeTarget section */
		B7B016342D7B621F00E706C9 /* AlwayGo */ = {
			isa = PBXNativeTarget;
			buildConfigurationList = B7B0165E2D7B622100E706C9 /* Build configuration list for PBXNativeTarget "AlwayGo" */;
			buildPhases = (
				B7B016312D7B621F00E706C9 /* Sources */,
				B7B016322D7B621F00E706C9 /* Frameworks */,
				B7B016332D7B621F00E706C9 /* Resources */,
			);
			buildRules = (
			);
			dependencies = (
			);
			fileSystemSynchronizedGroups = (
				B7B016372D7B621F00E706C9 /* AlwayGo */,
			);
			name = AlwayGo;
			packageProductDependencies = (
				0429CF492DB546F100CFA42D /* Alamofire */,
				B7C5188F2DBD1260002F32EF /* Kingfisher */,
			);
			productName = AlwayGo;
			productReference = B7B016352D7B621F00E706C9 /* AlwayGo.app */;
			productType = "com.apple.product-type.application";
		};
		B7B0164A2D7B622100E706C9 /* AlwayGoTests */ = {
			isa = PBXNativeTarget;
			buildConfigurationList = B7B016632D7B622100E706C9 /* Build configuration list for PBXNativeTarget "AlwayGoTests" */;
			buildPhases = (
				B7B016472D7B622100E706C9 /* Sources */,
				B7B016482D7B622100E706C9 /* Frameworks */,
				B7B016492D7B622100E706C9 /* Resources */,
			);
			buildRules = (
			);
			dependencies = (
				B7B0164D2D7B622100E706C9 /* PBXTargetDependency */,
			);
			fileSystemSynchronizedGroups = (
				B7B0164E2D7B622100E706C9 /* AlwayGoTests */,
			);
			name = AlwayGoTests;
			packageProductDependencies = (
			);
			productName = AlwayGoTests;
			productReference = B7B0164B2D7B622100E706C9 /* AlwayGoTests.xctest */;
			productType = "com.apple.product-type.bundle.unit-test";
		};
		B7B016542D7B622100E706C9 /* AlwayGoUITests */ = {
			isa = PBXNativeTarget;
			buildConfigurationList = B7B016662D7B622100E706C9 /* Build configuration list for PBXNativeTarget "AlwayGoUITests" */;
			buildPhases = (
				B7B016512D7B622100E706C9 /* Sources */,
				B7B016522D7B622100E706C9 /* Frameworks */,
				B7B016532D7B622100E706C9 /* Resources */,
			);
			buildRules = (
			);
			dependencies = (
				B7B016572D7B622100E706C9 /* PBXTargetDependency */,
			);
			fileSystemSynchronizedGroups = (
				B7B016582D7B622100E706C9 /* AlwayGoUITests */,
			);
			name = AlwayGoUITests;
			packageProductDependencies = (
			);
			productName = AlwayGoUITests;
			productReference = B7B016552D7B622100E706C9 /* AlwayGoUITests.xctest */;
			productType = "com.apple.product-type.bundle.ui-testing";
		};
/* End PBXNativeTarget section */

/* Begin PBXProject section */
		B7B0162D2D7B621F00E706C9 /* Project object */ = {
			isa = PBXProject;
			attributes = {
				BuildIndependentTargetsInParallel = 1;
				LastSwiftUpdateCheck = 1610;
				LastUpgradeCheck = 1610;
				TargetAttributes = {
					B7B016342D7B621F00E706C9 = {
						CreatedOnToolsVersion = 16.1;
					};
					B7B0164A2D7B622100E706C9 = {
						CreatedOnToolsVersion = 16.1;
						TestTargetID = B7B016342D7B621F00E706C9;
					};
					B7B016542D7B622100E706C9 = {
						CreatedOnToolsVersion = 16.1;
						TestTargetID = B7B016342D7B621F00E706C9;
					};
				};
			};
			buildConfigurationList = B7B016302D7B621F00E706C9 /* Build configuration list for PBXProject "AlwayGo" */;
			developmentRegion = en;
			hasScannedForEncodings = 0;
			knownRegions = (
				en,
				Base,
			);
			mainGroup = B7B0162C2D7B621F00E706C9;
			minimizedProjectReferenceProxies = 1;
			packageReferences = (
				0429CF482DB546F100CFA42D /* XCRemoteSwiftPackageReference "Alamofire" */,
				B7C5188E2DBD1260002F32EF /* XCRemoteSwiftPackageReference "Kingfisher" */,
			);
			preferredProjectObjectVersion = 77;
			productRefGroup = B7B016362D7B621F00E706C9 /* Products */;
			projectDirPath = "";
			projectRoot = "";
			targets = (
				B7B016342D7B621F00E706C9 /* AlwayGo */,
				B7B0164A2D7B622100E706C9 /* AlwayGoTests */,
				B7B016542D7B622100E706C9 /* AlwayGoUITests */,
			);
		};
/* End PBXProject section */

/* Begin PBXResourcesBuildPhase section */
		B7B016332D7B621F00E706C9 /* Resources */ = {
			isa = PBXResourcesBuildPhase;
			buildActionMask = 2147483647;
			files = (
			);
			runOnlyForDeploymentPostprocessing = 0;
		};
		B7B016492D7B622100E706C9 /* Resources */ = {
			isa = PBXResourcesBuildPhase;
			buildActionMask = 2147483647;
			files = (
			);
			runOnlyForDeploymentPostprocessing = 0;
		};
		B7B016532D7B622100E706C9 /* Resources */ = {
			isa = PBXResourcesBuildPhase;
			buildActionMask = 2147483647;
			files = (
			);
			runOnlyForDeploymentPostprocessing = 0;
		};
/* End PBXResourcesBuildPhase section */

/* Begin PBXSourcesBuildPhase section */
		B7B016312D7B621F00E706C9 /* Sources */ = {
			isa = PBXSourcesBuildPhase;
			buildActionMask = 2147483647;
			files = (
			);
			runOnlyForDeploymentPostprocessing = 0;
		};
		B7B016472D7B622100E706C9 /* Sources */ = {
			isa = PBXSourcesBuildPhase;
			buildActionMask = 2147483647;
			files = (
			);
			runOnlyForDeploymentPostprocessing = 0;
		};
		B7B016512D7B622100E706C9 /* Sources */ = {
			isa = PBXSourcesBuildPhase;
			buildActionMask = 2147483647;
			files = (
			);
			runOnlyForDeploymentPostprocessing = 0;
		};
/* End PBXSourcesBuildPhase section */

/* Begin PBXTargetDependency section */
		B7B0164D2D7B622100E706C9 /* PBXTargetDependency */ = {
			isa = PBXTargetDependency;
			target = B7B016342D7B621F00E706C9 /* AlwayGo */;
			targetProxy = B7B0164C2D7B622100E706C9 /* PBXContainerItemProxy */;
		};
		B7B016572D7B622100E706C9 /* PBXTargetDependency */ = {
			isa = PBXTargetDependency;
			target = B7B016342D7B621F00E706C9 /* AlwayGo */;
			targetProxy = B7B016562D7B622100E706C9 /* PBXContainerItemProxy */;
		};
/* End PBXTargetDependency section */

/* Begin XCBuildConfiguration section */
		B7B0165F2D7B622100E706C9 /* Debug */ = {
			isa = XCBuildConfiguration;
			buildSettings = {
				ASSETCATALOG_COMPILER_APPICON_NAME = AppIcon;
				ASSETCATALOG_COMPILER_GLOBAL_ACCENT_COLOR_NAME = AccentColor;
				CODE_SIGN_STYLE = Automatic;
				CURRENT_PROJECT_VERSION = 1;
				DEVELOPMENT_TEAM = TTF7TWQ69Z;
				GENERATE_INFOPLIST_FILE = YES;
				INFOPLIST_FILE = AlwayGo/Info.plist;
				INFOPLIST_KEY_UIApplicationSupportsIndirectInputEvents = YES;
				INFOPLIST_KEY_UILaunchStoryboardName = LaunchScreen;
				INFOPLIST_KEY_UISupportedInterfaceOrientations = UIInterfaceOrientationPortrait;
				INFOPLIST_KEY_UISupportedInterfaceOrientations_iPad = "UIInterfaceOrientationLandscapeLeft UIInterfaceOrientationLandscapeRight UIInterfaceOrientationPortrait UIInterfaceOrientationPortraitUpsideDown";
				INFOPLIST_KEY_UIUserInterfaceStyle = Light;
				IPHONEOS_DEPLOYMENT_TARGET = 18.2;
				LD_RUNPATH_SEARCH_PATHS = (
					"$(inherited)",
					"@executable_path/Frameworks",
				);
				MARKETING_VERSION = 1.0;
				PRODUCT_BUNDLE_IDENTIFIER = com.faridrustam.AlwayGoApp;
				PRODUCT_NAME = "$(TARGET_NAME)";
				SUPPORTED_PLATFORMS = "iphoneos iphonesimulator";
				SUPPORTS_MACCATALYST = NO;
				SUPPORTS_MAC_DESIGNED_FOR_IPHONE_IPAD = NO;
				SUPPORTS_XR_DESIGNED_FOR_IPHONE_IPAD = NO;
				SWIFT_EMIT_LOC_STRINGS = YES;
				SWIFT_VERSION = 5.0;
				TARGETED_DEVICE_FAMILY = "1,2";
			};
			name = Debug;
		};
		B7B016602D7B622100E706C9 /* Release */ = {
			isa = XCBuildConfiguration;
			buildSettings = {
				ASSETCATALOG_COMPILER_APPICON_NAME = AppIcon;
				ASSETCATALOG_COMPILER_GLOBAL_ACCENT_COLOR_NAME = AccentColor;
				CODE_SIGN_STYLE = Automatic;
				CURRENT_PROJECT_VERSION = 1;
				DEVELOPMENT_TEAM = TTF7TWQ69Z;
				GENERATE_INFOPLIST_FILE = YES;
				INFOPLIST_FILE = AlwayGo/Info.plist;
				INFOPLIST_KEY_UIApplicationSupportsIndirectInputEvents = YES;
				INFOPLIST_KEY_UILaunchStoryboardName = LaunchScreen;
				INFOPLIST_KEY_UISupportedInterfaceOrientations = UIInterfaceOrientationPortrait;
				INFOPLIST_KEY_UISupportedInterfaceOrientations_iPad = "UIInterfaceOrientationLandscapeLeft UIInterfaceOrientationLandscapeRight UIInterfaceOrientationPortrait UIInterfaceOrientationPortraitUpsideDown";
				INFOPLIST_KEY_UIUserInterfaceStyle = Light;
				IPHONEOS_DEPLOYMENT_TARGET = 18.2;
				LD_RUNPATH_SEARCH_PATHS = (
					"$(inherited)",
					"@executable_path/Frameworks",
				);
				MARKETING_VERSION = 1.0;
				PRODUCT_BUNDLE_IDENTIFIER = com.faridrustam.AlwayGoApp;
				PRODUCT_NAME = "$(TARGET_NAME)";
				SUPPORTED_PLATFORMS = "iphoneos iphonesimulator";
				SUPPORTS_MACCATALYST = NO;
				SUPPORTS_MAC_DESIGNED_FOR_IPHONE_IPAD = NO;
				SUPPORTS_XR_DESIGNED_FOR_IPHONE_IPAD = NO;
				SWIFT_EMIT_LOC_STRINGS = YES;
				SWIFT_VERSION = 5.0;
				TARGETED_DEVICE_FAMILY = "1,2";
			};
			name = Release;
		};
		B7B016612D7B622100E706C9 /* Debug */ = {
			isa = XCBuildConfiguration;
			buildSettings = {
				ALWAYS_SEARCH_USER_PATHS = NO;
				ASSETCATALOG_COMPILER_GENERATE_SWIFT_ASSET_SYMBOL_EXTENSIONS = YES;
				CLANG_ANALYZER_NONNULL = YES;
				CLANG_ANALYZER_NUMBER_OBJECT_CONVERSION = YES_AGGRESSIVE;
				CLANG_CXX_LANGUAGE_STANDARD = "gnu++20";
				CLANG_ENABLE_MODULES = YES;
				CLANG_ENABLE_OBJC_ARC = YES;
				CLANG_ENABLE_OBJC_WEAK = YES;
				CLANG_WARN_BLOCK_CAPTURE_AUTORELEASING = YES;
				CLANG_WARN_BOOL_CONVERSION = YES;
				CLANG_WARN_COMMA = YES;
				CLANG_WARN_CONSTANT_CONVERSION = YES;
				CLANG_WARN_DEPRECATED_OBJC_IMPLEMENTATIONS = YES;
				CLANG_WARN_DIRECT_OBJC_ISA_USAGE = YES_ERROR;
				CLANG_WARN_DOCUMENTATION_COMMENTS = YES;
				CLANG_WARN_EMPTY_BODY = YES;
				CLANG_WARN_ENUM_CONVERSION = YES;
				CLANG_WARN_INFINITE_RECURSION = YES;
				CLANG_WARN_INT_CONVERSION = YES;
				CLANG_WARN_NON_LITERAL_NULL_CONVERSION = YES;
				CLANG_WARN_OBJC_IMPLICIT_RETAIN_SELF = YES;
				CLANG_WARN_OBJC_LITERAL_CONVERSION = YES;
				CLANG_WARN_OBJC_ROOT_CLASS = YES_ERROR;
				CLANG_WARN_QUOTED_INCLUDE_IN_FRAMEWORK_HEADER = YES;
				CLANG_WARN_RANGE_LOOP_ANALYSIS = YES;
				CLANG_WARN_STRICT_PROTOTYPES = YES;
				CLANG_WARN_SUSPICIOUS_MOVE = YES;
				CLANG_WARN_UNGUARDED_AVAILABILITY = YES_AGGRESSIVE;
				CLANG_WARN_UNREACHABLE_CODE = YES;
				CLANG_WARN__DUPLICATE_METHOD_MATCH = YES;
				COPY_PHASE_STRIP = NO;
				DEBUG_INFORMATION_FORMAT = dwarf;
				ENABLE_STRICT_OBJC_MSGSEND = YES;
				ENABLE_TESTABILITY = YES;
				ENABLE_USER_SCRIPT_SANDBOXING = YES;
				GCC_C_LANGUAGE_STANDARD = gnu17;
				GCC_DYNAMIC_NO_PIC = NO;
				GCC_NO_COMMON_BLOCKS = YES;
				GCC_OPTIMIZATION_LEVEL = 0;
				GCC_PREPROCESSOR_DEFINITIONS = (
					"DEBUG=1",
					"$(inherited)",
				);
				GCC_WARN_64_TO_32_BIT_CONVERSION = YES;
				GCC_WARN_ABOUT_RETURN_TYPE = YES_ERROR;
				GCC_WARN_UNDECLARED_SELECTOR = YES;
				GCC_WARN_UNINITIALIZED_AUTOS = YES_AGGRESSIVE;
				GCC_WARN_UNUSED_FUNCTION = YES;
				GCC_WARN_UNUSED_VARIABLE = YES;
				IPHONEOS_DEPLOYMENT_TARGET = 18.1;
				LOCALIZATION_PREFERS_STRING_CATALOGS = YES;
				MTL_ENABLE_DEBUG_INFO = INCLUDE_SOURCE;
				MTL_FAST_MATH = YES;
				ONLY_ACTIVE_ARCH = YES;
				SDKROOT = iphoneos;
				SWIFT_ACTIVE_COMPILATION_CONDITIONS = "DEBUG $(inherited)";
				SWIFT_OPTIMIZATION_LEVEL = "-Onone";
			};
			name = Debug;
		};
		B7B016622D7B622100E706C9 /* Release */ = {
			isa = XCBuildConfiguration;
			buildSettings = {
				ALWAYS_SEARCH_USER_PATHS = NO;
				ASSETCATALOG_COMPILER_GENERATE_SWIFT_ASSET_SYMBOL_EXTENSIONS = YES;
				CLANG_ANALYZER_NONNULL = YES;
				CLANG_ANALYZER_NUMBER_OBJECT_CONVERSION = YES_AGGRESSIVE;
				CLANG_CXX_LANGUAGE_STANDARD = "gnu++20";
				CLANG_ENABLE_MODULES = YES;
				CLANG_ENABLE_OBJC_ARC = YES;
				CLANG_ENABLE_OBJC_WEAK = YES;
				CLANG_WARN_BLOCK_CAPTURE_AUTORELEASING = YES;
				CLANG_WARN_BOOL_CONVERSION = YES;
				CLANG_WARN_COMMA = YES;
				CLANG_WARN_CONSTANT_CONVERSION = YES;
				CLANG_WARN_DEPRECATED_OBJC_IMPLEMENTATIONS = YES;
				CLANG_WARN_DIRECT_OBJC_ISA_USAGE = YES_ERROR;
				CLANG_WARN_DOCUMENTATION_COMMENTS = YES;
				CLANG_WARN_EMPTY_BODY = YES;
				CLANG_WARN_ENUM_CONVERSION = YES;
				CLANG_WARN_INFINITE_RECURSION = YES;
				CLANG_WARN_INT_CONVERSION = YES;
				CLANG_WARN_NON_LITERAL_NULL_CONVERSION = YES;
				CLANG_WARN_OBJC_IMPLICIT_RETAIN_SELF = YES;
				CLANG_WARN_OBJC_LITERAL_CONVERSION = YES;
				CLANG_WARN_OBJC_ROOT_CLASS = YES_ERROR;
				CLANG_WARN_QUOTED_INCLUDE_IN_FRAMEWORK_HEADER = YES;
				CLANG_WARN_RANGE_LOOP_ANALYSIS = YES;
				CLANG_WARN_STRICT_PROTOTYPES = YES;
				CLANG_WARN_SUSPICIOUS_MOVE = YES;
				CLANG_WARN_UNGUARDED_AVAILABILITY = YES_AGGRESSIVE;
				CLANG_WARN_UNREACHABLE_CODE = YES;
				CLANG_WARN__DUPLICATE_METHOD_MATCH = YES;
				COPY_PHASE_STRIP = NO;
				DEBUG_INFORMATION_FORMAT = "dwarf-with-dsym";
				ENABLE_NS_ASSERTIONS = NO;
				ENABLE_STRICT_OBJC_MSGSEND = YES;
				ENABLE_USER_SCRIPT_SANDBOXING = YES;
				GCC_C_LANGUAGE_STANDARD = gnu17;
				GCC_NO_COMMON_BLOCKS = YES;
				GCC_WARN_64_TO_32_BIT_CONVERSION = YES;
				GCC_WARN_ABOUT_RETURN_TYPE = YES_ERROR;
				GCC_WARN_UNDECLARED_SELECTOR = YES;
				GCC_WARN_UNINITIALIZED_AUTOS = YES_AGGRESSIVE;
				GCC_WARN_UNUSED_FUNCTION = YES;
				GCC_WARN_UNUSED_VARIABLE = YES;
				IPHONEOS_DEPLOYMENT_TARGET = 18.1;
				LOCALIZATION_PREFERS_STRING_CATALOGS = YES;
				MTL_ENABLE_DEBUG_INFO = NO;
				MTL_FAST_MATH = YES;
				SDKROOT = iphoneos;
				SWIFT_COMPILATION_MODE = wholemodule;
				VALIDATE_PRODUCT = YES;
			};
			name = Release;
		};
		B7B016642D7B622100E706C9 /* Debug */ = {
			isa = XCBuildConfiguration;
			buildSettings = {
				BUNDLE_LOADER = "$(TEST_HOST)";
				CODE_SIGN_STYLE = Automatic;
				CURRENT_PROJECT_VERSION = 1;
				GENERATE_INFOPLIST_FILE = YES;
				IPHONEOS_DEPLOYMENT_TARGET = 18.1;
				MARKETING_VERSION = 1.0;
				PRODUCT_BUNDLE_IDENTIFIER = com.AlwayGOapp.AlwayGoTests;
				PRODUCT_NAME = "$(TARGET_NAME)";
				SWIFT_EMIT_LOC_STRINGS = NO;
				SWIFT_VERSION = 5.0;
				TARGETED_DEVICE_FAMILY = "1,2";
				TEST_HOST = "$(BUILT_PRODUCTS_DIR)/AlwayGo.app/$(BUNDLE_EXECUTABLE_FOLDER_PATH)/AlwayGo";
			};
			name = Debug;
		};
		B7B016652D7B622100E706C9 /* Release */ = {
			isa = XCBuildConfiguration;
			buildSettings = {
				BUNDLE_LOADER = "$(TEST_HOST)";
				CODE_SIGN_STYLE = Automatic;
				CURRENT_PROJECT_VERSION = 1;
				GENERATE_INFOPLIST_FILE = YES;
				IPHONEOS_DEPLOYMENT_TARGET = 18.1;
				MARKETING_VERSION = 1.0;
				PRODUCT_BUNDLE_IDENTIFIER = com.AlwayGOapp.AlwayGoTests;
				PRODUCT_NAME = "$(TARGET_NAME)";
				SWIFT_EMIT_LOC_STRINGS = NO;
				SWIFT_VERSION = 5.0;
				TARGETED_DEVICE_FAMILY = "1,2";
				TEST_HOST = "$(BUILT_PRODUCTS_DIR)/AlwayGo.app/$(BUNDLE_EXECUTABLE_FOLDER_PATH)/AlwayGo";
			};
			name = Release;
		};
		B7B016672D7B622100E706C9 /* Debug */ = {
			isa = XCBuildConfiguration;
			buildSettings = {
				CODE_SIGN_STYLE = Automatic;
				CURRENT_PROJECT_VERSION = 1;
				GENERATE_INFOPLIST_FILE = YES;
				MARKETING_VERSION = 1.0;
				PRODUCT_BUNDLE_IDENTIFIER = com.AlwayGOapp.AlwayGoUITests;
				PRODUCT_NAME = "$(TARGET_NAME)";
				SWIFT_EMIT_LOC_STRINGS = NO;
				SWIFT_VERSION = 5.0;
				TARGETED_DEVICE_FAMILY = "1,2";
				TEST_TARGET_NAME = AlwayGo;
			};
			name = Debug;
		};
		B7B016682D7B622100E706C9 /* Release */ = {
			isa = XCBuildConfiguration;
			buildSettings = {
				CODE_SIGN_STYLE = Automatic;
				CURRENT_PROJECT_VERSION = 1;
				GENERATE_INFOPLIST_FILE = YES;
				MARKETING_VERSION = 1.0;
				PRODUCT_BUNDLE_IDENTIFIER = com.AlwayGOapp.AlwayGoUITests;
				PRODUCT_NAME = "$(TARGET_NAME)";
				SWIFT_EMIT_LOC_STRINGS = NO;
				SWIFT_VERSION = 5.0;
				TARGETED_DEVICE_FAMILY = "1,2";
				TEST_TARGET_NAME = AlwayGo;
			};
			name = Release;
		};
/* End XCBuildConfiguration section */

/* Begin XCConfigurationList section */
		B7B016302D7B621F00E706C9 /* Build configuration list for PBXProject "AlwayGo" */ = {
			isa = XCConfigurationList;
			buildConfigurations = (
				B7B016612D7B622100E706C9 /* Debug */,
				B7B016622D7B622100E706C9 /* Release */,
			);
			defaultConfigurationIsVisible = 0;
			defaultConfigurationName = Release;
		};
		B7B0165E2D7B622100E706C9 /* Build configuration list for PBXNativeTarget "AlwayGo" */ = {
			isa = XCConfigurationList;
			buildConfigurations = (
				B7B0165F2D7B622100E706C9 /* Debug */,
				B7B016602D7B622100E706C9 /* Release */,
			);
			defaultConfigurationIsVisible = 0;
			defaultConfigurationName = Release;
		};
		B7B016632D7B622100E706C9 /* Build configuration list for PBXNativeTarget "AlwayGoTests" */ = {
			isa = XCConfigurationList;
			buildConfigurations = (
				B7B016642D7B622100E706C9 /* Debug */,
				B7B016652D7B622100E706C9 /* Release */,
			);
			defaultConfigurationIsVisible = 0;
			defaultConfigurationName = Release;
		};
		B7B016662D7B622100E706C9 /* Build configuration list for PBXNativeTarget "AlwayGoUITests" */ = {
			isa = XCConfigurationList;
			buildConfigurations = (
				B7B016672D7B622100E706C9 /* Debug */,
				B7B016682D7B622100E706C9 /* Release */,
			);
			defaultConfigurationIsVisible = 0;
			defaultConfigurationName = Release;
		};
/* End XCConfigurationList section */

/* Begin XCRemoteSwiftPackageReference section */
		0429CF482DB546F100CFA42D /* XCRemoteSwiftPackageReference "Alamofire" */ = {
			isa = XCRemoteSwiftPackageReference;
			repositoryURL = "https://github.com/Alamofire/Alamofire.git";
			requirement = {
				kind = upToNextMajorVersion;
				minimumVersion = 5.10.2;
			};
		};
		B7C5188E2DBD1260002F32EF /* XCRemoteSwiftPackageReference "Kingfisher" */ = {
			isa = XCRemoteSwiftPackageReference;
			repositoryURL = "https://github.com/onevcat/Kingfisher.git";
			requirement = {
				kind = upToNextMajorVersion;
				minimumVersion = 8.3.2;
			};
		};
/* End XCRemoteSwiftPackageReference section */

/* Begin XCSwiftPackageProductDependency section */
		0429CF492DB546F100CFA42D /* Alamofire */ = {
			isa = XCSwiftPackageProductDependency;
			package = 0429CF482DB546F100CFA42D /* XCRemoteSwiftPackageReference "Alamofire" */;
			productName = Alamofire;
		};
		B7C5188F2DBD1260002F32EF /* Kingfisher */ = {
			isa = XCSwiftPackageProductDependency;
			package = B7C5188E2DBD1260002F32EF /* XCRemoteSwiftPackageReference "Kingfisher" */;
			productName = Kingfisher;
		};
/* End XCSwiftPackageProductDependency section */
	};
	rootObject = B7B0162D2D7B621F00E706C9 /* Project object */;
}
